
Microsoft Visual Studio Solution File, Format Version 12.00
# Visual Studio Version 17
VisualStudioVersion = 17.14.36408.4 d17.14
MinimumVisualStudioVersion = 10.0.40219.1
Project("{FAE04EC0-301F-11D3-BF4B-00C04F79EFBC}") = "Shopping_Batch24", "Shopping_Batch24\Shopping_Batch24.csproj", "{46730EE2-E67D-4532-8F13-86491B29184A}"
EndProject
Global
	GlobalSection(SolutionConfigurationPlatforms) = preSolution
		Debug|Any CPU = Debug|Any CPU
		Release|Any CPU = Release|Any CPU
	EndGlobalSection
	GlobalSection(ProjectConfigurationPlatforms) = postSolution
		{46730EE2-E67D-4532-8F13-86491B29184A}.Debug|Any CPU.ActiveCfg = Debug|Any CPU
		{46730EE2-E67D-4532-8F13-86491B29184A}.Debug|Any CPU.Build.0 = Debug|Any CPU
		{46730EE2-E67D-4532-8F13-86491B29184A}.Release|Any CPU.ActiveCfg = Release|Any CPU
		{46730EE2-E67D-4532-8F13-86491B29184A}.Release|Any CPU.Build.0 = Release|Any CPU
	EndGlobalSection
	GlobalSection(SolutionProperties) = preSolution
		HideSolutionNode = FALSE
	EndGlobalSection
	GlobalSection(ExtensibilityGlobals) = postSolution
		SolutionGuid = {C365583F-1110-433A-AAA2-EC2F442E3503}
	EndGlobalSection
EndGlobal
